<?xml version="1.0" encoding="utf-8"?>
<Project ToolsVersion="4.0" xmlns="http://schemas.microsoft.com/developer/msbuild/2003">
  <ItemGroup>
    <Filter Include="Source Files">
      <UniqueIdentifier>{4FC737F1-C7A5-4376-A066-2A32D752A2FF}</UniqueIdentifier>
      <Extensions>cpp;c;cc;cxx;c++;cppm;ixx;def;odl;idl;hpj;bat;asm;asmx</Extensions>
    </Filter>
    <Filter Include="Header Files">
      <UniqueIdentifier>{93995380-89BD-4b04-88EB-625FBE52EBFB}</UniqueIdentifier>
      <Extensions>h;hh;hpp;hxx;h++;hm;inl;inc;ipp;xsd</Extensions>
    </Filter>
    <Filter Include="Resource Files">
      <UniqueIdentifier>{67DA6AB6-F800-4c08-8B7A-83BB121AAD01}</UniqueIdentifier>
      <Extensions>rc;ico;cur;bmp;dlg;rc2;rct;bin;rgs;gif;jpg;jpeg;jpe;resx;tiff;tif;png;wav;mfcribbon-ms</Extensions>
    </Filter>
    <Filter Include="Dialogs">
      <UniqueIdentifier>{e30b31c4-2b53-491e-8f57-769d64ccc83c}</UniqueIdentifier>
    </Filter>
    <Filter Include="Resource Files\Icons">
      <UniqueIdentifier>{c5a2ce5a-e8c6-40aa-8a63-9f6c2d957293}</UniqueIdentifier>
    </Filter>
    <Filter Include="Helpers">
      <UniqueIdentifier>{41e6964e-6cca-48e2-9f4a-a554613d1afe}</UniqueIdentifier>
    </Filter>
  </ItemGroup>
  <ItemGroup>
    <ClInclude Include="targetver.h">
      <Filter>Header Files</Filter>
    </ClInclude>
    <ClInclude Include="Resource.h">
      <Filter>Header Files</Filter>
    </ClInclude>
    <ClInclude Include="TaskSched.h">
      <Filter>Header Files</Filter>
    </ClInclude>
    <ClInclude Include="pch.h">
      <Filter>Header Files</Filter>
    </ClInclude>
    <ClInclude Include="MainFrame.h">
      <Filter>Header Files</Filter>
    </ClInclude>
    <ClInclude Include="AboutDlg.h">
      <Filter>Dialogs</Filter>
    </ClInclude>
    <ClInclude Include="SecurityHelper.h">
      <Filter>Helpers</Filter>
    </ClInclude>
    <ClInclude Include="IconHelper.h">
      <Filter>Helpers</Filter>
    </ClInclude>
    <ClInclude Include="TaskHelper.h">
      <Filter>Helpers</Filter>
    </ClInclude>
    <ClInclude Include="ComHelper.h">
      <Filter>Helpers</Filter>
    </ClInclude>
    <ClInclude Include="ColumnManager.h">
      <Filter>Helpers</Filter>
    </ClInclude>
    <ClInclude Include="VirtualListView.h">
      <Filter>Helpers</Filter>
    </ClInclude>
    <ClInclude Include="SortHelper.h">
      <Filter>Helpers</Filter>
    </ClInclude>
    <ClInclude Include="TaskGeneralPage.h">
      <Filter>Dialogs</Filter>
    </ClInclude>
  </ItemGroup>
  <ItemGroup>
    <ClCompile Include="TaskSched.cpp">
      <Filter>Source Files</Filter>
    </ClCompile>
    <ClCompile Include="pch.cpp">
      <Filter>Source Files</Filter>
    </ClCompile>
    <ClCompile Include="MainFrame.cpp">
      <Filter>Source Files</Filter>
    </ClCompile>
    <ClCompile Include="AboutDlg.cpp">
      <Filter>Dialogs</Filter>
    </ClCompile>
    <ClCompile Include="IconHelper.cpp">
      <Filter>Helpers</Filter>
    </ClCompile>
    <ClCompile Include="SecurityHelper.cpp">
      <Filter>Helpers</Filter>
    </ClCompile>
    <ClCompile Include="TaskHelper.cpp">
      <Filter>Source Files</Filter>
    </ClCompile>
    <ClCompile Include="ColumnManager.cpp">
      <Filter>Helpers</Filter>
    </ClCompile>
    <ClCompile Include="SortHelper.cpp">
      <Filter>Helpers</Filter>
    </ClCompile>
    <ClCompile Include="TaskGeneralPage.cpp">
      <Filter>Dialogs</Filter>
    </ClCompile>
  </ItemGroup>
  <ItemGroup>
    <ResourceCompile Include="TaskSched.rc">
      <Filter>Resource Files</Filter>
    </ResourceCompile>
  </ItemGroup>
  <ItemGroup>
    <Image Include="Icons\app.ico">
      <Filter>Resource Files\Icons</Filter>
    </Image>
    <Image Include="Icons\copy.ico">
      <Filter>Resource Files\Icons</Filter>
    </Image>
    <Image Include="Icons\refresh.ico">
      <Filter>Resource Files\Icons</Filter>
    </Image>
    <Image Include="Icons\Delete.ico">
      <Filter>Resource Files\Icons</Filter>
    </Image>
    <Image Include="Icons\Find.ico">
      <Filter>Resource Files\Icons</Filter>
    </Image>
    <Image Include="Icons\folder-open.ico">
      <Filter>Resource Files\Icons</Filter>
    </Image>
    <Image Include="Icons\Folder.ico">
      <Filter>Resource Files\Icons</Filter>
    </Image>
    <Image Include="Icons\Go.ico">
      <Filter>Resource Files\Icons</Filter>
    </Image>
    <Image Include="Icons\Pause.ico">
      <Filter>Resource Files\Icons</Filter>
    </Image>
    <Image Include="Icons\Period end.ico">
      <Filter>Resource Files\Icons</Filter>
    </Image>
    <Image Include="Icons\Schedule.ico">
      <Filter>Resource Files\Icons</Filter>
    </Image>
    <Image Include="Icons\Schedule - disabled.ico">
      <Filter>Resource Files\Icons</Filter>
    </Image>
    <Image Include="Icons\Stop.ico">
      <Filter>Resource Files\Icons</Filter>
    </Image>
    <Image Include="Icons\bullet.ico">
      <Filter>Resource Files</Filter>
    </Image>
    <Image Include="Icons\Cancel.ico">
      <Filter>Resource Files</Filter>
    </Image>
    <Image Include="Icons\OK.ico">
      <Filter>Resource Files</Filter>
    </Image>
    <Image Include="Icons\action.ico">
      <Filter>Resource Files</Filter>
    </Image>
    <Image Include="Icons\Timer.ico">
      <Filter>Resource Files</Filter>
    </Image>
  </ItemGroup>
  <ItemGroup>
    <None Include="packages.config" />
  </ItemGroup>
</Project>